PODS:
  - Nimble (7.0.3)
  - Quick (1.2.0)
  - RxSwift (4.1.1)

DEPENDENCIES:
  - Nimble (~> 7.0)
  - Quick (~> 1.2)
  - RxSwift (~> 4.1)

SPEC CHECKSUMS:
  Nimble: 7f5a9c447a33002645a071bddafbfb24ea70e0ac
  Quick: 58d203b1c5e27fff7229c4c1ae445ad7069a7a08
  RxSwift: c6e3b1c7b325c7d121cd4327e9d98b7ed746b570

PODFILE CHECKSUM: 68684aea1c7b698694f67b9ed9aae700f7713a44

COCOAPODS: 1.4.0
